
Microsoft Visual Studio Solution File, Format Version 12.00
# Visual Studio 15
VisualStudioVersion = 15.0.28307.645
MinimumVisualStudioVersion = 10.0.40219.1
Project("{FAE04EC0-301F-11D3-BF4B-00C04F79EFBC}") = "crmAppBL", "crmAppBL\crmAppBL.csproj", "{403D0FF8-3A5F-4CEB-8383-43E8C7454FA2}"
EndProject
Project("{2150E333-8FDC-42A3-9474-1A3956D46DE8}") = "Tests", "Tests", "{3643965C-E238-4B4A-A19A-CC790B1798F8}"
EndProject
Project("{FAE04EC0-301F-11D3-BF4B-00C04F79EFBC}") = "crmAppBL_TEST", "crmAppBL_TEST\crmAppBL_TEST.csproj", "{2D1FDA55-DC63-46A8-B927-214EE3DEBEE4}"
EndProject
Global
	GlobalSection(SolutionConfigurationPlatforms) = preSolution
		Debug|Any CPU = Debug|Any CPU
		Release|Any CPU = Release|Any CPU
	EndGlobalSection
	GlobalSection(ProjectConfigurationPlatforms) = postSolution
		{403D0FF8-3A5F-4CEB-8383-43E8C7454FA2}.Debug|Any CPU.ActiveCfg = Debug|Any CPU
		{403D0FF8-3A5F-4CEB-8383-43E8C7454FA2}.Debug|Any CPU.Build.0 = Debug|Any CPU
		{403D0FF8-3A5F-4CEB-8383-43E8C7454FA2}.Release|Any CPU.ActiveCfg = Release|Any CPU
		{403D0FF8-3A5F-4CEB-8383-43E8C7454FA2}.Release|Any CPU.Build.0 = Release|Any CPU
		{2D1FDA55-DC63-46A8-B927-214EE3DEBEE4}.Debug|Any CPU.ActiveCfg = Debug|Any CPU
		{2D1FDA55-DC63-46A8-B927-214EE3DEBEE4}.Debug|Any CPU.Build.0 = Debug|Any CPU
		{2D1FDA55-DC63-46A8-B927-214EE3DEBEE4}.Release|Any CPU.ActiveCfg = Release|Any CPU
		{2D1FDA55-DC63-46A8-B927-214EE3DEBEE4}.Release|Any CPU.Build.0 = Release|Any CPU
	EndGlobalSection
	GlobalSection(SolutionProperties) = preSolution
		HideSolutionNode = FALSE
	EndGlobalSection
	GlobalSection(NestedProjects) = preSolution
		{2D1FDA55-DC63-46A8-B927-214EE3DEBEE4} = {3643965C-E238-4B4A-A19A-CC790B1798F8}
	EndGlobalSection
	GlobalSection(ExtensibilityGlobals) = postSolution
		SolutionGuid = {E45A4E93-4216-445F-BD92-5204D3037DE3}
	EndGlobalSection
EndGlobal
